// !$*UTF8*$!
{
	archiveVersion = 1;
	classes = {
	};
	objectVersion = 55;
	objects = {

/* Begin PBXBuildFile section */
		00FB31F0288ACE6E003AA564 /* AppDelegate.swift in Sources */ = {isa = PBXBuildFile; fileRef = 00FB31EF288ACE6E003AA564 /* AppDelegate.swift */; };
		00FB31F2288ACE6E003AA564 /* SceneDelegate.swift in Sources */ = {isa = PBXBuildFile; fileRef = 00FB31F1288ACE6E003AA564 /* SceneDelegate.swift */; };
		00FB31F4288ACE6E003AA564 /* ViewController.swift in Sources */ = {isa = PBXBuildFile; fileRef = 00FB31F3288ACE6E003AA564 /* ViewController.swift */; };
		00FB31F7288ACE6E003AA564 /* Main.storyboard in Resources */ = {isa = PBXBuildFile; fileRef = 00FB31F5288ACE6E003AA564 /* Main.storyboard */; };
		00FB31F9288ACE6F003AA564 /* Assets.xcassets in Resources */ = {isa = PBXBuildFile; fileRef = 00FB31F8288ACE6F003AA564 /* Assets.xcassets */; };
		00FB31FC288ACE6F003AA564 /* LaunchScreen.storyboard in Resources */ = {isa = PBXBuildFile; fileRef = 00FB31FA288ACE6F003AA564 /* LaunchScreen.storyboard */; };
		00FB3204288ACEE5003AA564 /* MainTabBarController.swift in Sources */ = {isa = PBXBuildFile; fileRef = 00FB3203288ACEE5003AA564 /* MainTabBarController.swift */; };
		00FB3206288ACFF9003AA564 /* PhotosCollectionViewController.swift in Sources */ = {isa = PBXBuildFile; fileRef = 00FB3205288ACFF9003AA564 /* PhotosCollectionViewController.swift */; };
		00FB3208288AE080003AA564 /* NetworkService.swift in Sources */ = {isa = PBXBuildFile; fileRef = 00FB3207288AE080003AA564 /* NetworkService.swift */; };
		00FB320B288AEB99003AA564 /* NetworkDataFetcher.swift in Sources */ = {isa = PBXBuildFile; fileRef = 00FB320A288AEB99003AA564 /* NetworkDataFetcher.swift */; };
		00FB320D288AEBF3003AA564 /* SearchResults.swift in Sources */ = {isa = PBXBuildFile; fileRef = 00FB320C288AEBF3003AA564 /* SearchResults.swift */; };
		00FB3211288AF5C6003AA564 /* SDWebImage in Frameworks */ = {isa = PBXBuildFile; productRef = 00FB3210288AF5C6003AA564 /* SDWebImage */; };
		00FB3213288AF5C6003AA564 /* SDWebImageMapKit in Frameworks */ = {isa = PBXBuildFile; productRef = 00FB3212288AF5C6003AA564 /* SDWebImageMapKit */; };
/* End PBXBuildFile section */

/* Begin PBXFileReference section */
		00FB31EC288ACE6E003AA564 /* PhotosLibrary.app */ = {isa = PBXFileReference; explicitFileType = wrapper.application; includeInIndex = 0; path = PhotosLibrary.app; sourceTree = BUILT_PRODUCTS_DIR; };
		00FB31EF288ACE6E003AA564 /* AppDelegate.swift */ = {isa = PBXFileReference; lastKnownFileType = sourcecode.swift; path = AppDelegate.swift; sourceTree = "<group>"; };
		00FB31F1288ACE6E003AA564 /* SceneDelegate.swift */ = {isa = PBXFileReference; lastKnownFileType = sourcecode.swift; path = SceneDelegate.swift; sourceTree = "<group>"; };
		00FB31F3288ACE6E003AA564 /* ViewController.swift */ = {isa = PBXFileReference; lastKnownFileType = sourcecode.swift; path = ViewController.swift; sourceTree = "<group>"; };
		00FB31F6288ACE6E003AA564 /* Base */ = {isa = PBXFileReference; lastKnownFileType = file.storyboard; name = Base; path = Base.lproj/Main.storyboard; sourceTree = "<group>"; };
		00FB31F8288ACE6F003AA564 /* Assets.xcassets */ = {isa = PBXFileReference; lastKnownFileType = folder.assetcatalog; path = Assets.xcassets; sourceTree = "<group>"; };
		00FB31FB288ACE6F003AA564 /* Base */ = {isa = PBXFileReference; lastKnownFileType = file.storyboard; name = Base; path = Base.lproj/LaunchScreen.storyboard; sourceTree = "<group>"; };
		00FB31FD288ACE6F003AA564 /* Info.plist */ = {isa = PBXFileReference; lastKnownFileType = text.plist.xml; path = Info.plist; sourceTree = "<group>"; };
		00FB3203288ACEE5003AA564 /* MainTabBarController.swift */ = {isa = PBXFileReference; lastKnownFileType = sourcecode.swift; path = MainTabBarController.swift; sourceTree = "<group>"; };
		00FB3205288ACFF9003AA564 /* PhotosCollectionViewController.swift */ = {isa = PBXFileReference; lastKnownFileType = sourcecode.swift; path = PhotosCollectionViewController.swift; sourceTree = "<group>"; };
		00FB3207288AE080003AA564 /* NetworkService.swift */ = {isa = PBXFileReference; lastKnownFileType = sourcecode.swift; path = NetworkService.swift; sourceTree = "<group>"; };
		00FB320A288AEB99003AA564 /* NetworkDataFetcher.swift */ = {isa = PBXFileReference; lastKnownFileType = sourcecode.swift; path = NetworkDataFetcher.swift; sourceTree = "<group>"; };
		00FB320C288AEBF3003AA564 /* SearchResults.swift */ = {isa = PBXFileReference; lastKnownFileType = sourcecode.swift; path = SearchResults.swift; sourceTree = "<group>"; };
/* End PBXFileReference section */

/* Begin PBXFrameworksBuildPhase section */
		00FB31E9288ACE6E003AA564 /* Frameworks */ = {
			isa = PBXFrameworksBuildPhase;
			buildActionMask = 2147483647;
			files = (
				00FB3213288AF5C6003AA564 /* SDWebImageMapKit in Frameworks */,
				00FB3211288AF5C6003AA564 /* SDWebImage in Frameworks */,
			);
			runOnlyForDeploymentPostprocessing = 0;
		};
/* End PBXFrameworksBuildPhase section */

/* Begin PBXGroup section */
		00FB31E3288ACE6E003AA564 = {
			isa = PBXGroup;
			children = (
				00FB31EE288ACE6E003AA564 /* PhotosLibrary */,
				00FB31ED288ACE6E003AA564 /* Products */,
			);
			sourceTree = "<group>";
		};
		00FB31ED288ACE6E003AA564 /* Products */ = {
			isa = PBXGroup;
			children = (
				00FB31EC288ACE6E003AA564 /* PhotosLibrary.app */,
			);
			name = Products;
			sourceTree = "<group>";
		};
		00FB31EE288ACE6E003AA564 /* PhotosLibrary */ = {
			isa = PBXGroup;
			children = (
				00FB3209288AE562003AA564 /* Service */,
				00FB31EF288ACE6E003AA564 /* AppDelegate.swift */,
				00FB31F1288ACE6E003AA564 /* SceneDelegate.swift */,
				00FB31F3288ACE6E003AA564 /* ViewController.swift */,
				00FB31F5288ACE6E003AA564 /* Main.storyboard */,
				00FB31F8288ACE6F003AA564 /* Assets.xcassets */,
				00FB31FA288ACE6F003AA564 /* LaunchScreen.storyboard */,
				00FB31FD288ACE6F003AA564 /* Info.plist */,
				00FB3203288ACEE5003AA564 /* MainTabBarController.swift */,
				00FB3205288ACFF9003AA564 /* PhotosCollectionViewController.swift */,
			);
			path = PhotosLibrary;
			sourceTree = "<group>";
		};
		00FB3209288AE562003AA564 /* Service */ = {
			isa = PBXGroup;
			children = (
				00FB3207288AE080003AA564 /* NetworkService.swift */,
				00FB320A288AEB99003AA564 /* NetworkDataFetcher.swift */,
				00FB320E288AEBFF003AA564 /* Models */,
			);
			path = Service;
			sourceTree = "<group>";
		};
		00FB320E288AEBFF003AA564 /* Models */ = {
			isa = PBXGroup;
			children = (
				00FB320C288AEBF3003AA564 /* SearchResults.swift */,
			);
			path = Models;
			sourceTree = "<group>";
		};
/* End PBXGroup section */

/* Begin PBXNativeTarget section */
		00FB31EB288ACE6E003AA564 /* PhotosLibrary */ = {
			isa = PBXNativeTarget;
			buildConfigurationList = 00FB3200288ACE6F003AA564 /* Build configuration list for PBXNativeTarget "PhotosLibrary" */;
			buildPhases = (
				00FB31E8288ACE6E003AA564 /* Sources */,
				00FB31E9288ACE6E003AA564 /* Frameworks */,
				00FB31EA288ACE6E003AA564 /* Resources */,
			);
			buildRules = (
			);
			dependencies = (
			);
			name = PhotosLibrary;
			packageProductDependencies = (
				00FB3210288AF5C6003AA564 /* SDWebImage */,
				00FB3212288AF5C6003AA564 /* SDWebImageMapKit */,
			);
			productName = PhotosLibrary;
			productReference = 00FB31EC288ACE6E003AA564 /* PhotosLibrary.app */;
			productType = "com.apple.product-type.application";
		};
/* End PBXNativeTarget section */

/* Begin PBXProject section */
		00FB31E4288ACE6E003AA564 /* Project object */ = {
			isa = PBXProject;
			attributes = {
				BuildIndependentTargetsInParallel = 1;
				LastSwiftUpdateCheck = 1340;
				LastUpgradeCheck = 1340;
				TargetAttributes = {
					00FB31EB288ACE6E003AA564 = {
						CreatedOnToolsVersion = 13.4.1;
					};
				};
			};
			buildConfigurationList = 00FB31E7288ACE6E003AA564 /* Build configuration list for PBXProject "PhotosLibrary" */;
			compatibilityVersion = "Xcode 13.0";
			developmentRegion = en;
			hasScannedForEncodings = 0;
			knownRegions = (
				en,
				Base,
			);
			mainGroup = 00FB31E3288ACE6E003AA564;
			packageReferences = (
				00FB320F288AF5C5003AA564 /* XCRemoteSwiftPackageReference "SDWebImage" */,
			);
			productRefGroup = 00FB31ED288ACE6E003AA564 /* Products */;
			projectDirPath = "";
			projectRoot = "";
			targets = (
				00FB31EB288ACE6E003AA564 /* PhotosLibrary */,
			);
		};
/* End PBXProject section */

/* Begin PBXResourcesBuildPhase section */
		00FB31EA288ACE6E003AA564 /* Resources */ = {
			isa = PBXResourcesBuildPhase;
			buildActionMask = 2147483647;
			files = (
				00FB31FC288ACE6F003AA564 /* LaunchScreen.storyboard in Resources */,
				00FB31F9288ACE6F003AA564 /* Assets.xcassets in Resources */,
				00FB31F7288ACE6E003AA564 /* Main.storyboard in Resources */,
			);
			runOnlyForDeploymentPostprocessing = 0;
		};
/* End PBXResourcesBuildPhase section */

/* Begin PBXSourcesBuildPhase section */
		00FB31E8288ACE6E003AA564 /* Sources */ = {
			isa = PBXSourcesBuildPhase;
			buildActionMask = 2147483647;
			files = (
				00FB320B288AEB99003AA564 /* NetworkDataFetcher.swift in Sources */,
				00FB31F4288ACE6E003AA564 /* ViewController.swift in Sources */,
				00FB31F0288ACE6E003AA564 /* AppDelegate.swift in Sources */,
				00FB3204288ACEE5003AA564 /* MainTabBarController.swift in Sources */,
				00FB3206288ACFF9003AA564 /* PhotosCollectionViewController.swift in Sources */,
				00FB3208288AE080003AA564 /* NetworkService.swift in Sources */,
				00FB320D288AEBF3003AA564 /* SearchResults.swift in Sources */,
				00FB31F2288ACE6E003AA564 /* SceneDelegate.swift in Sources */,
			);
			runOnlyForDeploymentPostprocessing = 0;
		};
/* End PBXSourcesBuildPhase section */

/* Begin PBXVariantGroup section */
		00FB31F5288ACE6E003AA564 /* Main.storyboard */ = {
			isa = PBXVariantGroup;
			children = (
				00FB31F6288ACE6E003AA564 /* Base */,
			);
			name = Main.storyboard;
			sourceTree = "<group>";
		};
		00FB31FA288ACE6F003AA564 /* LaunchScreen.storyboard */ = {
			isa = PBXVariantGroup;
			children = (
				00FB31FB288ACE6F003AA564 /* Base */,
			);
			name = LaunchScreen.storyboard;
			sourceTree = "<group>";
		};
/* End PBXVariantGroup section */

/* Begin XCBuildConfiguration section */
		00FB31FE288ACE6F003AA564 /* Debug */ = {
			isa = XCBuildConfiguration;
			buildSettings = {
				ALWAYS_SEARCH_USER_PATHS = NO;
				CLANG_ANALYZER_NONNULL = YES;
				CLANG_ANALYZER_NUMBER_OBJECT_CONVERSION = YES_AGGRESSIVE;
				CLANG_CXX_LANGUAGE_STANDARD = "gnu++17";
				CLANG_ENABLE_MODULES = YES;
				CLANG_ENABLE_OBJC_ARC = YES;
				CLANG_ENABLE_OBJC_WEAK = YES;
				CLANG_WARN_BLOCK_CAPTURE_AUTORELEASING = YES;
				CLANG_WARN_BOOL_CONVERSION = YES;
				CLANG_WARN_COMMA = YES;
				CLANG_WARN_CONSTANT_CONVERSION = YES;
				CLANG_WARN_DEPRECATED_OBJC_IMPLEMENTATIONS = YES;
				CLANG_WARN_DIRECT_OBJC_ISA_USAGE = YES_ERROR;
				CLANG_WARN_DOCUMENTATION_COMMENTS = YES;
				CLANG_WARN_EMPTY_BODY = YES;
				CLANG_WARN_ENUM_CONVERSION = YES;
				CLANG_WARN_INFINITE_RECURSION = YES;
				CLANG_WARN_INT_CONVERSION = YES;
				CLANG_WARN_NON_LITERAL_NULL_CONVERSION = YES;
				CLANG_WARN_OBJC_IMPLICIT_RETAIN_SELF = YES;
				CLANG_WARN_OBJC_LITERAL_CONVERSION = YES;
				CLANG_WARN_OBJC_ROOT_CLASS = YES_ERROR;
				CLANG_WARN_QUOTED_INCLUDE_IN_FRAMEWORK_HEADER = YES;
				CLANG_WARN_RANGE_LOOP_ANALYSIS = YES;
				CLANG_WARN_STRICT_PROTOTYPES = YES;
				CLANG_WARN_SUSPICIOUS_MOVE = YES;
				CLANG_WARN_UNGUARDED_AVAILABILITY = YES_AGGRESSIVE;
				CLANG_WARN_UNREACHABLE_CODE = YES;
				CLANG_WARN__DUPLICATE_METHOD_MATCH = YES;
				COPY_PHASE_STRIP = NO;
				DEBUG_INFORMATION_FORMAT = dwarf;
				ENABLE_STRICT_OBJC_MSGSEND = YES;
				ENABLE_TESTABILITY = YES;
				GCC_C_LANGUAGE_STANDARD = gnu11;
				GCC_DYNAMIC_NO_PIC = NO;
				GCC_NO_COMMON_BLOCKS = YES;
				GCC_OPTIMIZATION_LEVEL = 0;
				GCC_PREPROCESSOR_DEFINITIONS = (
					"DEBUG=1",
					"$(inherited)",
				);
				GCC_WARN_64_TO_32_BIT_CONVERSION = YES;
				GCC_WARN_ABOUT_RETURN_TYPE = YES_ERROR;
				GCC_WARN_UNDECLARED_SELECTOR = YES;
				GCC_WARN_UNINITIALIZED_AUTOS = YES_AGGRESSIVE;
				GCC_WARN_UNUSED_FUNCTION = YES;
				GCC_WARN_UNUSED_VARIABLE = YES;
				IPHONEOS_DEPLOYMENT_TARGET = 15.5;
				MTL_ENABLE_DEBUG_INFO = INCLUDE_SOURCE;
				MTL_FAST_MATH = YES;
				ONLY_ACTIVE_ARCH = YES;
				SDKROOT = iphoneos;
				SWIFT_ACTIVE_COMPILATION_CONDITIONS = DEBUG;
				SWIFT_OPTIMIZATION_LEVEL = "-Onone";
			};
			name = Debug;
		};
		00FB31FF288ACE6F003AA564 /* Release */ = {
			isa = XCBuildConfiguration;
			buildSettings = {
				ALWAYS_SEARCH_USER_PATHS = NO;
				CLANG_ANALYZER_NONNULL = YES;
				CLANG_ANALYZER_NUMBER_OBJECT_CONVERSION = YES_AGGRESSIVE;
				CLANG_CXX_LANGUAGE_STANDARD = "gnu++17";
				CLANG_ENABLE_MODULES = YES;
				CLANG_ENABLE_OBJC_ARC = YES;
				CLANG_ENABLE_OBJC_WEAK = YES;
				CLANG_WARN_BLOCK_CAPTURE_AUTORELEASING = YES;
				CLANG_WARN_BOOL_CONVERSION = YES;
				CLANG_WARN_COMMA = YES;
				CLANG_WARN_CONSTANT_CONVERSION = YES;
				CLANG_WARN_DEPRECATED_OBJC_IMPLEMENTATIONS = YES;
				CLANG_WARN_DIRECT_OBJC_ISA_USAGE = YES_ERROR;
				CLANG_WARN_DOCUMENTATION_COMMENTS = YES;
				CLANG_WARN_EMPTY_BODY = YES;
				CLANG_WARN_ENUM_CONVERSION = YES;
				CLANG_WARN_INFINITE_RECURSION = YES;
				CLANG_WARN_INT_CONVERSION = YES;
				CLANG_WARN_NON_LITERAL_NULL_CONVERSION = YES;
				CLANG_WARN_OBJC_IMPLICIT_RETAIN_SELF = YES;
				CLANG_WARN_OBJC_LITERAL_CONVERSION = YES;
				CLANG_WARN_OBJC_ROOT_CLASS = YES_ERROR;
				CLANG_WARN_QUOTED_INCLUDE_IN_FRAMEWORK_HEADER = YES;
				CLANG_WARN_RANGE_LOOP_ANALYSIS = YES;
				CLANG_WARN_STRICT_PROTOTYPES = YES;
				CLANG_WARN_SUSPICIOUS_MOVE = YES;
				CLANG_WARN_UNGUARDED_AVAILABILITY = YES_AGGRESSIVE;
				CLANG_WARN_UNREACHABLE_CODE = YES;
				CLANG_WARN__DUPLICATE_METHOD_MATCH = YES;
				COPY_PHASE_STRIP = NO;
				DEBUG_INFORMATION_FORMAT = "dwarf-with-dsym";
				ENABLE_NS_ASSERTIONS = NO;
				ENABLE_STRICT_OBJC_MSGSEND = YES;
				GCC_C_LANGUAGE_STANDARD = gnu11;
				GCC_NO_COMMON_BLOCKS = YES;
				GCC_WARN_64_TO_32_BIT_CONVERSION = YES;
				GCC_WARN_ABOUT_RETURN_TYPE = YES_ERROR;
				GCC_WARN_UNDECLARED_SELECTOR = YES;
				GCC_WARN_UNINITIALIZED_AUTOS = YES_AGGRESSIVE;
				GCC_WARN_UNUSED_FUNCTION = YES;
				GCC_WARN_UNUSED_VARIABLE = YES;
				IPHONEOS_DEPLOYMENT_TARGET = 15.5;
				MTL_ENABLE_DEBUG_INFO = NO;
				MTL_FAST_MATH = YES;
				SDKROOT = iphoneos;
				SWIFT_COMPILATION_MODE = wholemodule;
				SWIFT_OPTIMIZATION_LEVEL = "-O";
				VALIDATE_PRODUCT = YES;
			};
			name = Release;
		};
		00FB3201288ACE6F003AA564 /* Debug */ = {
			isa = XCBuildConfiguration;
			buildSettings = {
				ASSETCATALOG_COMPILER_APPICON_NAME = AppIcon;
				ASSETCATALOG_COMPILER_GLOBAL_ACCENT_COLOR_NAME = AccentColor;
				CODE_SIGN_STYLE = Automatic;
				CURRENT_PROJECT_VERSION = 1;
				DEVELOPMENT_TEAM = W9FSXFWG34;
				GENERATE_INFOPLIST_FILE = YES;
				INFOPLIST_FILE = PhotosLibrary/Info.plist;
				INFOPLIST_KEY_UIApplicationSupportsIndirectInputEvents = YES;
				INFOPLIST_KEY_UILaunchStoryboardName = LaunchScreen;
				INFOPLIST_KEY_UIMainStoryboardFile = Main;
				INFOPLIST_KEY_UISupportedInterfaceOrientations_iPad = "UIInterfaceOrientationPortrait UIInterfaceOrientationPortraitUpsideDown UIInterfaceOrientationLandscapeLeft UIInterfaceOrientationLandscapeRight";
				INFOPLIST_KEY_UISupportedInterfaceOrientations_iPhone = "UIInterfaceOrientationPortrait UIInterfaceOrientationLandscapeLeft UIInterfaceOrientationLandscapeRight";
				LD_RUNPATH_SEARCH_PATHS = (
					"$(inherited)",
					"@executable_path/Frameworks",
				);
				MARKETING_VERSION = 1.0;
				PRODUCT_BUNDLE_IDENTIFIER = com.artem.PhotosLibrary;
				PRODUCT_NAME = "$(TARGET_NAME)";
				SWIFT_EMIT_LOC_STRINGS = YES;
				SWIFT_VERSION = 5.0;
				TARGETED_DEVICE_FAMILY = "1,2";
			};
			name = Debug;
		};
		00FB3202288ACE6F003AA564 /* Release */ = {
			isa = XCBuildConfiguration;
			buildSettings = {
				ASSETCATALOG_COMPILER_APPICON_NAME = AppIcon;
				ASSETCATALOG_COMPILER_GLOBAL_ACCENT_COLOR_NAME = AccentColor;
				CODE_SIGN_STYLE = Automatic;
				CURRENT_PROJECT_VERSION = 1;
				DEVELOPMENT_TEAM = W9FSXFWG34;
				GENERATE_INFOPLIST_FILE = YES;
				INFOPLIST_FILE = PhotosLibrary/Info.plist;
				INFOPLIST_KEY_UIApplicationSupportsIndirectInputEvents = YES;
				INFOPLIST_KEY_UILaunchStoryboardName = LaunchScreen;
				INFOPLIST_KEY_UIMainStoryboardFile = Main;
				INFOPLIST_KEY_UISupportedInterfaceOrientations_iPad = "UIInterfaceOrientationPortrait UIInterfaceOrientationPortraitUpsideDown UIInterfaceOrientationLandscapeLeft UIInterfaceOrientationLandscapeRight";
				INFOPLIST_KEY_UISupportedInterfaceOrientations_iPhone = "UIInterfaceOrientationPortrait UIInterfaceOrientationLandscapeLeft UIInterfaceOrientationLandscapeRight";
				LD_RUNPATH_SEARCH_PATHS = (
					"$(inherited)",
					"@executable_path/Frameworks",
				);
				MARKETING_VERSION = 1.0;
				PRODUCT_BUNDLE_IDENTIFIER = com.artem.PhotosLibrary;
				PRODUCT_NAME = "$(TARGET_NAME)";
				SWIFT_EMIT_LOC_STRINGS = YES;
				SWIFT_VERSION = 5.0;
				TARGETED_DEVICE_FAMILY = "1,2";
			};
			name = Release;
		};
/* End XCBuildConfiguration section */

/* Begin XCConfigurationList section */
		00FB31E7288ACE6E003AA564 /* Build configuration list for PBXProject "PhotosLibrary" */ = {
			isa = XCConfigurationList;
			buildConfigurations = (
				00FB31FE288ACE6F003AA564 /* Debug */,
				00FB31FF288ACE6F003AA564 /* Release */,
			);
			defaultConfigurationIsVisible = 0;
			defaultConfigurationName = Release;
		};
		00FB3200288ACE6F003AA564 /* Build configuration list for PBXNativeTarget "PhotosLibrary" */ = {
			isa = XCConfigurationList;
			buildConfigurations = (
				00FB3201288ACE6F003AA564 /* Debug */,
				00FB3202288ACE6F003AA564 /* Release */,
			);
			defaultConfigurationIsVisible = 0;
			defaultConfigurationName = Release;
		};
/* End XCConfigurationList section */

/* Begin XCRemoteSwiftPackageReference section */
		00FB320F288AF5C5003AA564 /* XCRemoteSwiftPackageReference "SDWebImage" */ = {
			isa = XCRemoteSwiftPackageReference;
			repositoryURL = "https://github.com/SDWebImage/SDWebImage.git";
			requirement = {
				kind = exactVersion;
				version = 5.9.5;
			};
		};
/* End XCRemoteSwiftPackageReference section */

/* Begin XCSwiftPackageProductDependency section */
		00FB3210288AF5C6003AA564 /* SDWebImage */ = {
			isa = XCSwiftPackageProductDependency;
			package = 00FB320F288AF5C5003AA564 /* XCRemoteSwiftPackageReference "SDWebImage" */;
			productName = SDWebImage;
		};
		00FB3212288AF5C6003AA564 /* SDWebImageMapKit */ = {
			isa = XCSwiftPackageProductDependency;
			package = 00FB320F288AF5C5003AA564 /* XCRemoteSwiftPackageReference "SDWebImage" */;
			productName = SDWebImageMapKit;
		};
/* End XCSwiftPackageProductDependency section */
	};
	rootObject = 00FB31E4288ACE6E003AA564 /* Project object */;
}
